
Microsoft Visual Studio Solution File, Format Version 12.00
# Visual Studio Version 17
VisualStudioVersion = 17.14.36915.13
MinimumVisualStudioVersion = 10.0.40219.1
Project("{FAE04EC0-301F-11D3-BF4B-00C04F79EFBC}") = "Jarvis.Mark2", "Jarvis.Mark2\Jarvis.Mark2.csproj", "{178906A9-9FE8-4624-B8F8-57BAA3036895}"
EndProject
Project("{FAE04EC0-301F-11D3-BF4B-00C04F79EFBC}") = "Jarvis.Mark2.Infrastructure", "Jarvis.Mark2.Infrastructure\Jarvis.Mark2.Infrastructure.csproj", "{351DA168-72FF-4EB5-9DAA-52DE4EBF85D9}"
EndProject
Global
	GlobalSection(SolutionConfigurationPlatforms) = preSolution
		Debug|Any CPU = Debug|Any CPU
		Release|Any CPU = Release|Any CPU
	EndGlobalSection
	GlobalSection(ProjectConfigurationPlatforms) = postSolution
		{178906A9-9FE8-4624-B8F8-57BAA3036895}.Debug|Any CPU.ActiveCfg = Debug|Any CPU
		{178906A9-9FE8-4624-B8F8-57BAA3036895}.Debug|Any CPU.Build.0 = Debug|Any CPU
		{178906A9-9FE8-4624-B8F8-57BAA3036895}.Release|Any CPU.ActiveCfg = Release|Any CPU
		{178906A9-9FE8-4624-B8F8-57BAA3036895}.Release|Any CPU.Build.0 = Release|Any CPU
		{351DA168-72FF-4EB5-9DAA-52DE4EBF85D9}.Debug|Any CPU.ActiveCfg = Debug|Any CPU
		{351DA168-72FF-4EB5-9DAA-52DE4EBF85D9}.Debug|Any CPU.Build.0 = Debug|Any CPU
		{351DA168-72FF-4EB5-9DAA-52DE4EBF85D9}.Release|Any CPU.ActiveCfg = Release|Any CPU
		{351DA168-72FF-4EB5-9DAA-52DE4EBF85D9}.Release|Any CPU.Build.0 = Release|Any CPU
	EndGlobalSection
	GlobalSection(SolutionProperties) = preSolution
		HideSolutionNode = FALSE
	EndGlobalSection
	GlobalSection(ExtensibilityGlobals) = postSolution
		SolutionGuid = {94BFB707-8343-4726-A594-FB550B124B89}
	EndGlobalSection
EndGlobal
